// !$*UTF8*$!
{
	archiveVersion = 1;
	classes = {
	};
	objectVersion = 55;
	objects = {

/* Begin PBXBuildFile section */
		7CA65942277A0A60007EBFAA /* iOSChatAppApp.swift in Sources */ = {isa = PBXBuildFile; fileRef = 7CA65941277A0A60007EBFAA /* iOSChatAppApp.swift */; };
		7CA65944277A0A60007EBFAA /* RootView.swift in Sources */ = {isa = PBXBuildFile; fileRef = 7CA65943277A0A60007EBFAA /* RootView.swift */; };
		7CA65946277A0A62007EBFAA /* Assets.xcassets in Resources */ = {isa = PBXBuildFile; fileRef = 7CA65945277A0A62007EBFAA /* Assets.xcassets */; };
		7CA65949277A0A62007EBFAA /* Preview Assets.xcassets in Resources */ = {isa = PBXBuildFile; fileRef = 7CA65948277A0A62007EBFAA /* Preview Assets.xcassets */; };
		7CA65953277A0A62007EBFAA /* iOSChatAppTests.swift in Sources */ = {isa = PBXBuildFile; fileRef = 7CA65952277A0A62007EBFAA /* iOSChatAppTests.swift */; };
		7CA6595D277A0A62007EBFAA /* iOSChatAppUITests.swift in Sources */ = {isa = PBXBuildFile; fileRef = 7CA6595C277A0A62007EBFAA /* iOSChatAppUITests.swift */; };
		7CA6595F277A0A62007EBFAA /* iOSChatAppUITestsLaunchTests.swift in Sources */ = {isa = PBXBuildFile; fileRef = 7CA6595E277A0A62007EBFAA /* iOSChatAppUITestsLaunchTests.swift */; };
		7CA6597F277A12A9007EBFAA /* LexendDeca-Regular.ttf in Resources */ = {isa = PBXBuildFile; fileRef = 7CA6597C277A12A9007EBFAA /* LexendDeca-Regular.ttf */; };
		7CA65980277A12A9007EBFAA /* LexendDeca-SemiBold.ttf in Resources */ = {isa = PBXBuildFile; fileRef = 7CA6597D277A12A9007EBFAA /* LexendDeca-SemiBold.ttf */; };
		7CA65981277A12A9007EBFAA /* LexendDeca-Bold.ttf in Resources */ = {isa = PBXBuildFile; fileRef = 7CA6597E277A12A9007EBFAA /* LexendDeca-Bold.ttf */; };
		7CA65983277A13D1007EBFAA /* Fonts.swift in Sources */ = {isa = PBXBuildFile; fileRef = 7CA65982277A13D1007EBFAA /* Fonts.swift */; };
		7CA65985277A14D6007EBFAA /* ChatViewModel.swift in Sources */ = {isa = PBXBuildFile; fileRef = 7CA65984277A14D6007EBFAA /* ChatViewModel.swift */; };
		7CA65988277A14EC007EBFAA /* ContactsViewModel.swift in Sources */ = {isa = PBXBuildFile; fileRef = 7CA65987277A14EC007EBFAA /* ContactsViewModel.swift */; };
		7CA6598A277A14F6007EBFAA /* AuthViewModel.swift in Sources */ = {isa = PBXBuildFile; fileRef = 7CA65989277A14F6007EBFAA /* AuthViewModel.swift */; };
		7CA6598C277A1507007EBFAA /* ChatListView.swift in Sources */ = {isa = PBXBuildFile; fileRef = 7CA6598B277A1507007EBFAA /* ChatListView.swift */; };
		7CA6598E277A1513007EBFAA /* ChatView.swift in Sources */ = {isa = PBXBuildFile; fileRef = 7CA6598D277A1513007EBFAA /* ChatView.swift */; };
		7CA65990277A1521007EBFAA /* ContactsView.swift in Sources */ = {isa = PBXBuildFile; fileRef = 7CA6598F277A1521007EBFAA /* ContactsView.swift */; };
		7CA65993277A1599007EBFAA /* CustomTabBar.swift in Sources */ = {isa = PBXBuildFile; fileRef = 7CA65992277A1599007EBFAA /* CustomTabBar.swift */; };
		7CA65995277A1A30007EBFAA /* CustomTabBarButton.swift in Sources */ = {isa = PBXBuildFile; fileRef = 7CA65994277A1A30007EBFAA /* CustomTabBarButton.swift */; };
/* End PBXBuildFile section */

/* Begin PBXContainerItemProxy section */
		7CA6594F277A0A62007EBFAA /* PBXContainerItemProxy */ = {
			isa = PBXContainerItemProxy;
			containerPortal = 7CA65936277A0A60007EBFAA /* Project object */;
			proxyType = 1;
			remoteGlobalIDString = 7CA6593D277A0A60007EBFAA;
			remoteInfo = iOSChatApp;
		};
		7CA65959277A0A62007EBFAA /* PBXContainerItemProxy */ = {
			isa = PBXContainerItemProxy;
			containerPortal = 7CA65936277A0A60007EBFAA /* Project object */;
			proxyType = 1;
			remoteGlobalIDString = 7CA6593D277A0A60007EBFAA;
			remoteInfo = iOSChatApp;
		};
/* End PBXContainerItemProxy section */

/* Begin PBXFileReference section */
		7CA6593E277A0A60007EBFAA /* iOSChatApp.app */ = {isa = PBXFileReference; explicitFileType = wrapper.application; includeInIndex = 0; path = iOSChatApp.app; sourceTree = BUILT_PRODUCTS_DIR; };
		7CA65941277A0A60007EBFAA /* iOSChatAppApp.swift */ = {isa = PBXFileReference; lastKnownFileType = sourcecode.swift; path = iOSChatAppApp.swift; sourceTree = "<group>"; };
		7CA65943277A0A60007EBFAA /* RootView.swift */ = {isa = PBXFileReference; lastKnownFileType = sourcecode.swift; path = RootView.swift; sourceTree = "<group>"; };
		7CA65945277A0A62007EBFAA /* Assets.xcassets */ = {isa = PBXFileReference; lastKnownFileType = folder.assetcatalog; path = Assets.xcassets; sourceTree = "<group>"; };
		7CA65948277A0A62007EBFAA /* Preview Assets.xcassets */ = {isa = PBXFileReference; lastKnownFileType = folder.assetcatalog; path = "Preview Assets.xcassets"; sourceTree = "<group>"; };
		7CA6594E277A0A62007EBFAA /* iOSChatAppTests.xctest */ = {isa = PBXFileReference; explicitFileType = wrapper.cfbundle; includeInIndex = 0; path = iOSChatAppTests.xctest; sourceTree = BUILT_PRODUCTS_DIR; };
		7CA65952277A0A62007EBFAA /* iOSChatAppTests.swift */ = {isa = PBXFileReference; lastKnownFileType = sourcecode.swift; path = iOSChatAppTests.swift; sourceTree = "<group>"; };
		7CA65958277A0A62007EBFAA /* iOSChatAppUITests.xctest */ = {isa = PBXFileReference; explicitFileType = wrapper.cfbundle; includeInIndex = 0; path = iOSChatAppUITests.xctest; sourceTree = BUILT_PRODUCTS_DIR; };
		7CA6595C277A0A62007EBFAA /* iOSChatAppUITests.swift */ = {isa = PBXFileReference; lastKnownFileType = sourcecode.swift; path = iOSChatAppUITests.swift; sourceTree = "<group>"; };
		7CA6595E277A0A62007EBFAA /* iOSChatAppUITestsLaunchTests.swift */ = {isa = PBXFileReference; lastKnownFileType = sourcecode.swift; path = iOSChatAppUITestsLaunchTests.swift; sourceTree = "<group>"; };
		7CA6597C277A12A9007EBFAA /* LexendDeca-Regular.ttf */ = {isa = PBXFileReference; lastKnownFileType = file; path = "LexendDeca-Regular.ttf"; sourceTree = "<group>"; };
		7CA6597D277A12A9007EBFAA /* LexendDeca-SemiBold.ttf */ = {isa = PBXFileReference; lastKnownFileType = file; path = "LexendDeca-SemiBold.ttf"; sourceTree = "<group>"; };
		7CA6597E277A12A9007EBFAA /* LexendDeca-Bold.ttf */ = {isa = PBXFileReference; lastKnownFileType = file; path = "LexendDeca-Bold.ttf"; sourceTree = "<group>"; };
		7CA65982277A13D1007EBFAA /* Fonts.swift */ = {isa = PBXFileReference; lastKnownFileType = sourcecode.swift; path = Fonts.swift; sourceTree = "<group>"; };
		7CA65984277A14D6007EBFAA /* ChatViewModel.swift */ = {isa = PBXFileReference; lastKnownFileType = sourcecode.swift; path = ChatViewModel.swift; sourceTree = "<group>"; };
		7CA65987277A14EC007EBFAA /* ContactsViewModel.swift */ = {isa = PBXFileReference; lastKnownFileType = sourcecode.swift; path = ContactsViewModel.swift; sourceTree = "<group>"; };
		7CA65989277A14F6007EBFAA /* AuthViewModel.swift */ = {isa = PBXFileReference; lastKnownFileType = sourcecode.swift; path = AuthViewModel.swift; sourceTree = "<group>"; };
		7CA6598B277A1507007EBFAA /* ChatListView.swift */ = {isa = PBXFileReference; lastKnownFileType = sourcecode.swift; path = ChatListView.swift; sourceTree = "<group>"; };
		7CA6598D277A1513007EBFAA /* ChatView.swift */ = {isa = PBXFileReference; lastKnownFileType = sourcecode.swift; path = ChatView.swift; sourceTree = "<group>"; };
		7CA6598F277A1521007EBFAA /* ContactsView.swift */ = {isa = PBXFileReference; lastKnownFileType = sourcecode.swift; path = ContactsView.swift; sourceTree = "<group>"; };
		7CA65992277A1599007EBFAA /* CustomTabBar.swift */ = {isa = PBXFileReference; lastKnownFileType = sourcecode.swift; path = CustomTabBar.swift; sourceTree = "<group>"; };
		7CA65994277A1A30007EBFAA /* CustomTabBarButton.swift */ = {isa = PBXFileReference; lastKnownFileType = sourcecode.swift; path = CustomTabBarButton.swift; sourceTree = "<group>"; };
/* End PBXFileReference section */

/* Begin PBXFrameworksBuildPhase section */
		7CA6593B277A0A60007EBFAA /* Frameworks */ = {
			isa = PBXFrameworksBuildPhase;
			buildActionMask = 2147483647;
			files = (
			);
			runOnlyForDeploymentPostprocessing = 0;
		};
		7CA6594B277A0A62007EBFAA /* Frameworks */ = {
			isa = PBXFrameworksBuildPhase;
			buildActionMask = 2147483647;
			files = (
			);
			runOnlyForDeploymentPostprocessing = 0;
		};
		7CA65955277A0A62007EBFAA /* Frameworks */ = {
			isa = PBXFrameworksBuildPhase;
			buildActionMask = 2147483647;
			files = (
			);
			runOnlyForDeploymentPostprocessing = 0;
		};
/* End PBXFrameworksBuildPhase section */

/* Begin PBXGroup section */
		7CA65935277A0A60007EBFAA = {
			isa = PBXGroup;
			children = (
				7CA65940277A0A60007EBFAA /* iOSChatApp */,
				7CA65951277A0A62007EBFAA /* iOSChatAppTests */,
				7CA6595B277A0A62007EBFAA /* iOSChatAppUITests */,
				7CA6593F277A0A60007EBFAA /* Products */,
			);
			sourceTree = "<group>";
		};
		7CA6593F277A0A60007EBFAA /* Products */ = {
			isa = PBXGroup;
			children = (
				7CA6593E277A0A60007EBFAA /* iOSChatApp.app */,
				7CA6594E277A0A62007EBFAA /* iOSChatAppTests.xctest */,
				7CA65958277A0A62007EBFAA /* iOSChatAppUITests.xctest */,
			);
			name = Products;
			sourceTree = "<group>";
		};
		7CA65940277A0A60007EBFAA /* iOSChatApp */ = {
			isa = PBXGroup;
			children = (
				7CA65941277A0A60007EBFAA /* iOSChatAppApp.swift */,
				7CA6596D277A0D97007EBFAA /* Models */,
				7CA65947277A0A62007EBFAA /* Preview Content */,
				7CA6596E277A0D9C007EBFAA /* Services */,
				7CA6596C277A0D8F007EBFAA /* ViewModels */,
				7CA6596B277A0D88007EBFAA /* Views */,
				7CA6596F277A0DA5007EBFAA /* Helpers */,
				7CA6597B277A126E007EBFAA /* Font */,
				7CA65945277A0A62007EBFAA /* Assets.xcassets */,
			);
			path = iOSChatApp;
			sourceTree = "<group>";
		};
		7CA65947277A0A62007EBFAA /* Preview Content */ = {
			isa = PBXGroup;
			children = (
				7CA65948277A0A62007EBFAA /* Preview Assets.xcassets */,
			);
			path = "Preview Content";
			sourceTree = "<group>";
		};
		7CA65951277A0A62007EBFAA /* iOSChatAppTests */ = {
			isa = PBXGroup;
			children = (
				7CA65952277A0A62007EBFAA /* iOSChatAppTests.swift */,
			);
			path = iOSChatAppTests;
			sourceTree = "<group>";
		};
		7CA6595B277A0A62007EBFAA /* iOSChatAppUITests */ = {
			isa = PBXGroup;
			children = (
				7CA6595C277A0A62007EBFAA /* iOSChatAppUITests.swift */,
				7CA6595E277A0A62007EBFAA /* iOSChatAppUITestsLaunchTests.swift */,
			);
			path = iOSChatAppUITests;
			sourceTree = "<group>";
		};
		7CA6596B277A0D88007EBFAA /* Views */ = {
			isa = PBXGroup;
			children = (
				7CA65991277A1582007EBFAA /* CustomTabBar */,
				7CA65943277A0A60007EBFAA /* RootView.swift */,
				7CA6598B277A1507007EBFAA /* ChatListView.swift */,
				7CA6598D277A1513007EBFAA /* ChatView.swift */,
				7CA6598F277A1521007EBFAA /* ContactsView.swift */,
			);
			path = Views;
			sourceTree = "<group>";
		};
		7CA6596C277A0D8F007EBFAA /* ViewModels */ = {
			isa = PBXGroup;
			children = (
				7CA65984277A14D6007EBFAA /* ChatViewModel.swift */,
				7CA65987277A14EC007EBFAA /* ContactsViewModel.swift */,
				7CA65989277A14F6007EBFAA /* AuthViewModel.swift */,
			);
			path = ViewModels;
			sourceTree = "<group>";
		};
		7CA6596D277A0D97007EBFAA /* Models */ = {
			isa = PBXGroup;
			children = (
			);
			path = Models;
			sourceTree = "<group>";
		};
		7CA6596E277A0D9C007EBFAA /* Services */ = {
			isa = PBXGroup;
			children = (
			);
			path = Services;
			sourceTree = "<group>";
		};
		7CA6596F277A0DA5007EBFAA /* Helpers */ = {
			isa = PBXGroup;
			children = (
				7CA65982277A13D1007EBFAA /* Fonts.swift */,
			);
			path = Helpers;
			sourceTree = "<group>";
		};
		7CA6597B277A126E007EBFAA /* Font */ = {
			isa = PBXGroup;
			children = (
				7CA6597E277A12A9007EBFAA /* LexendDeca-Bold.ttf */,
				7CA6597C277A12A9007EBFAA /* LexendDeca-Regular.ttf */,
				7CA6597D277A12A9007EBFAA /* LexendDeca-SemiBold.ttf */,
			);
			path = Font;
			sourceTree = "<group>";
		};
		7CA65991277A1582007EBFAA /* CustomTabBar */ = {
			isa = PBXGroup;
			children = (
				7CA65992277A1599007EBFAA /* CustomTabBar.swift */,
				7CA65994277A1A30007EBFAA /* CustomTabBarButton.swift */,
			);
			path = CustomTabBar;
			sourceTree = "<group>";
		};
/* End PBXGroup section */

/* Begin PBXNativeTarget section */
		7CA6593D277A0A60007EBFAA /* iOSChatApp */ = {
			isa = PBXNativeTarget;
			buildConfigurationList = 7CA65962277A0A62007EBFAA /* Build configuration list for PBXNativeTarget "iOSChatApp" */;
			buildPhases = (
				7CA6593A277A0A60007EBFAA /* Sources */,
				7CA6593B277A0A60007EBFAA /* Frameworks */,
				7CA6593C277A0A60007EBFAA /* Resources */,
			);
			buildRules = (
			);
			dependencies = (
			);
			name = iOSChatApp;
			productName = iOSChatApp;
			productReference = 7CA6593E277A0A60007EBFAA /* iOSChatApp.app */;
			productType = "com.apple.product-type.application";
		};
		7CA6594D277A0A62007EBFAA /* iOSChatAppTests */ = {
			isa = PBXNativeTarget;
			buildConfigurationList = 7CA65965277A0A62007EBFAA /* Build configuration list for PBXNativeTarget "iOSChatAppTests" */;
			buildPhases = (
				7CA6594A277A0A62007EBFAA /* Sources */,
				7CA6594B277A0A62007EBFAA /* Frameworks */,
				7CA6594C277A0A62007EBFAA /* Resources */,
			);
			buildRules = (
			);
			dependencies = (
				7CA65950277A0A62007EBFAA /* PBXTargetDependency */,
			);
			name = iOSChatAppTests;
			productName = iOSChatAppTests;
			productReference = 7CA6594E277A0A62007EBFAA /* iOSChatAppTests.xctest */;
			productType = "com.apple.product-type.bundle.unit-test";
		};
		7CA65957277A0A62007EBFAA /* iOSChatAppUITests */ = {
			isa = PBXNativeTarget;
			buildConfigurationList = 7CA65968277A0A62007EBFAA /* Build configuration list for PBXNativeTarget "iOSChatAppUITests" */;
			buildPhases = (
				7CA65954277A0A62007EBFAA /* Sources */,
				7CA65955277A0A62007EBFAA /* Frameworks */,
				7CA65956277A0A62007EBFAA /* Resources */,
			);
			buildRules = (
			);
			dependencies = (
				7CA6595A277A0A62007EBFAA /* PBXTargetDependency */,
			);
			name = iOSChatAppUITests;
			productName = iOSChatAppUITests;
			productReference = 7CA65958277A0A62007EBFAA /* iOSChatAppUITests.xctest */;
			productType = "com.apple.product-type.bundle.ui-testing";
		};
/* End PBXNativeTarget section */

/* Begin PBXProject section */
		7CA65936277A0A60007EBFAA /* Project object */ = {
			isa = PBXProject;
			attributes = {
				BuildIndependentTargetsInParallel = 1;
				LastSwiftUpdateCheck = 1310;
				LastUpgradeCheck = 1310;
				TargetAttributes = {
					7CA6593D277A0A60007EBFAA = {
						CreatedOnToolsVersion = 13.1;
					};
					7CA6594D277A0A62007EBFAA = {
						CreatedOnToolsVersion = 13.1;
						TestTargetID = 7CA6593D277A0A60007EBFAA;
					};
					7CA65957277A0A62007EBFAA = {
						CreatedOnToolsVersion = 13.1;
						TestTargetID = 7CA6593D277A0A60007EBFAA;
					};
				};
			};
			buildConfigurationList = 7CA65939277A0A60007EBFAA /* Build configuration list for PBXProject "iOSChatApp" */;
			compatibilityVersion = "Xcode 13.0";
			developmentRegion = en;
			hasScannedForEncodings = 0;
			knownRegions = (
				en,
				Base,
			);
			mainGroup = 7CA65935277A0A60007EBFAA;
			productRefGroup = 7CA6593F277A0A60007EBFAA /* Products */;
			projectDirPath = "";
			projectRoot = "";
			targets = (
				7CA6593D277A0A60007EBFAA /* iOSChatApp */,
				7CA6594D277A0A62007EBFAA /* iOSChatAppTests */,
				7CA65957277A0A62007EBFAA /* iOSChatAppUITests */,
			);
		};
/* End PBXProject section */

/* Begin PBXResourcesBuildPhase section */
		7CA6593C277A0A60007EBFAA /* Resources */ = {
			isa = PBXResourcesBuildPhase;
			buildActionMask = 2147483647;
			files = (
				7CA65980277A12A9007EBFAA /* LexendDeca-SemiBold.ttf in Resources */,
				7CA65981277A12A9007EBFAA /* LexendDeca-Bold.ttf in Resources */,
				7CA65949277A0A62007EBFAA /* Preview Assets.xcassets in Resources */,
				7CA6597F277A12A9007EBFAA /* LexendDeca-Regular.ttf in Resources */,
				7CA65946277A0A62007EBFAA /* Assets.xcassets in Resources */,
			);
			runOnlyForDeploymentPostprocessing = 0;
		};
		7CA6594C277A0A62007EBFAA /* Resources */ = {
			isa = PBXResourcesBuildPhase;
			buildActionMask = 2147483647;
			files = (
			);
			runOnlyForDeploymentPostprocessing = 0;
		};
		7CA65956277A0A62007EBFAA /* Resources */ = {
			isa = PBXResourcesBuildPhase;
			buildActionMask = 2147483647;
			files = (
			);
			runOnlyForDeploymentPostprocessing = 0;
		};
/* End PBXResourcesBuildPhase section */

/* Begin PBXSourcesBuildPhase section */
		7CA6593A277A0A60007EBFAA /* Sources */ = {
			isa = PBXSourcesBuildPhase;
			buildActionMask = 2147483647;
			files = (
				7CA65944277A0A60007EBFAA /* RootView.swift in Sources */,
				7CA65988277A14EC007EBFAA /* ContactsViewModel.swift in Sources */,
				7CA6598A277A14F6007EBFAA /* AuthViewModel.swift in Sources */,
				7CA6598C277A1507007EBFAA /* ChatListView.swift in Sources */,
				7CA6598E277A1513007EBFAA /* ChatView.swift in Sources */,
				7CA65983277A13D1007EBFAA /* Fonts.swift in Sources */,
				7CA65993277A1599007EBFAA /* CustomTabBar.swift in Sources */,
				7CA65995277A1A30007EBFAA /* CustomTabBarButton.swift in Sources */,
				7CA65990277A1521007EBFAA /* ContactsView.swift in Sources */,
				7CA65985277A14D6007EBFAA /* ChatViewModel.swift in Sources */,
				7CA65942277A0A60007EBFAA /* iOSChatAppApp.swift in Sources */,
			);
			runOnlyForDeploymentPostprocessing = 0;
		};
		7CA6594A277A0A62007EBFAA /* Sources */ = {
			isa = PBXSourcesBuildPhase;
			buildActionMask = 2147483647;
			files = (
				7CA65953277A0A62007EBFAA /* iOSChatAppTests.swift in Sources */,
			);
			runOnlyForDeploymentPostprocessing = 0;
		};
		7CA65954277A0A62007EBFAA /* Sources */ = {
			isa = PBXSourcesBuildPhase;
			buildActionMask = 2147483647;
			files = (
				7CA6595F277A0A62007EBFAA /* iOSChatAppUITestsLaunchTests.swift in Sources */,
				7CA6595D277A0A62007EBFAA /* iOSChatAppUITests.swift in Sources */,
			);
			runOnlyForDeploymentPostprocessing = 0;
		};
/* End PBXSourcesBuildPhase section */

/* Begin PBXTargetDependency section */
		7CA65950277A0A62007EBFAA /* PBXTargetDependency */ = {
			isa = PBXTargetDependency;
			target = 7CA6593D277A0A60007EBFAA /* iOSChatApp */;
			targetProxy = 7CA6594F277A0A62007EBFAA /* PBXContainerItemProxy */;
		};
		7CA6595A277A0A62007EBFAA /* PBXTargetDependency */ = {
			isa = PBXTargetDependency;
			target = 7CA6593D277A0A60007EBFAA /* iOSChatApp */;
			targetProxy = 7CA65959277A0A62007EBFAA /* PBXContainerItemProxy */;
		};
/* End PBXTargetDependency section */

/* Begin XCBuildConfiguration section */
		7CA65960277A0A62007EBFAA /* Debug */ = {
			isa = XCBuildConfiguration;
			buildSettings = {
				ALWAYS_SEARCH_USER_PATHS = NO;
				CLANG_ANALYZER_NONNULL = YES;
				CLANG_ANALYZER_NUMBER_OBJECT_CONVERSION = YES_AGGRESSIVE;
				CLANG_CXX_LANGUAGE_STANDARD = "gnu++17";
				CLANG_CXX_LIBRARY = "libc++";
				CLANG_ENABLE_MODULES = YES;
				CLANG_ENABLE_OBJC_ARC = YES;
				CLANG_ENABLE_OBJC_WEAK = YES;
				CLANG_WARN_BLOCK_CAPTURE_AUTORELEASING = YES;
				CLANG_WARN_BOOL_CONVERSION = YES;
				CLANG_WARN_COMMA = YES;
				CLANG_WARN_CONSTANT_CONVERSION = YES;
				CLANG_WARN_DEPRECATED_OBJC_IMPLEMENTATIONS = YES;
				CLANG_WARN_DIRECT_OBJC_ISA_USAGE = YES_ERROR;
				CLANG_WARN_DOCUMENTATION_COMMENTS = YES;
				CLANG_WARN_EMPTY_BODY = YES;
				CLANG_WARN_ENUM_CONVERSION = YES;
				CLANG_WARN_INFINITE_RECURSION = YES;
				CLANG_WARN_INT_CONVERSION = YES;
				CLANG_WARN_NON_LITERAL_NULL_CONVERSION = YES;
				CLANG_WARN_OBJC_IMPLICIT_RETAIN_SELF = YES;
				CLANG_WARN_OBJC_LITERAL_CONVERSION = YES;
				CLANG_WARN_OBJC_ROOT_CLASS = YES_ERROR;
				CLANG_WARN_QUOTED_INCLUDE_IN_FRAMEWORK_HEADER = YES;
				CLANG_WARN_RANGE_LOOP_ANALYSIS = YES;
				CLANG_WARN_STRICT_PROTOTYPES = YES;
				CLANG_WARN_SUSPICIOUS_MOVE = YES;
				CLANG_WARN_UNGUARDED_AVAILABILITY = YES_AGGRESSIVE;
				CLANG_WARN_UNREACHABLE_CODE = YES;
				CLANG_WARN__DUPLICATE_METHOD_MATCH = YES;
				COPY_PHASE_STRIP = NO;
				DEBUG_INFORMATION_FORMAT = dwarf;
				ENABLE_STRICT_OBJC_MSGSEND = YES;
				ENABLE_TESTABILITY = YES;
				GCC_C_LANGUAGE_STANDARD = gnu11;
				GCC_DYNAMIC_NO_PIC = NO;
				GCC_NO_COMMON_BLOCKS = YES;
				GCC_OPTIMIZATION_LEVEL = 0;
				GCC_PREPROCESSOR_DEFINITIONS = (
					"DEBUG=1",
					"$(inherited)",
				);
				GCC_WARN_64_TO_32_BIT_CONVERSION = YES;
				GCC_WARN_ABOUT_RETURN_TYPE = YES_ERROR;
				GCC_WARN_UNDECLARED_SELECTOR = YES;
				GCC_WARN_UNINITIALIZED_AUTOS = YES_AGGRESSIVE;
				GCC_WARN_UNUSED_FUNCTION = YES;
				GCC_WARN_UNUSED_VARIABLE = YES;
				IPHONEOS_DEPLOYMENT_TARGET = 15.0;
				MTL_ENABLE_DEBUG_INFO = INCLUDE_SOURCE;
				MTL_FAST_MATH = YES;
				ONLY_ACTIVE_ARCH = YES;
				SDKROOT = iphoneos;
				SWIFT_ACTIVE_COMPILATION_CONDITIONS = DEBUG;
				SWIFT_OPTIMIZATION_LEVEL = "-Onone";
			};
			name = Debug;
		};
		7CA65961277A0A62007EBFAA /* Release */ = {
			isa = XCBuildConfiguration;
			buildSettings = {
				ALWAYS_SEARCH_USER_PATHS = NO;
				CLANG_ANALYZER_NONNULL = YES;
				CLANG_ANALYZER_NUMBER_OBJECT_CONVERSION = YES_AGGRESSIVE;
				CLANG_CXX_LANGUAGE_STANDARD = "gnu++17";
				CLANG_CXX_LIBRARY = "libc++";
				CLANG_ENABLE_MODULES = YES;
				CLANG_ENABLE_OBJC_ARC = YES;
				CLANG_ENABLE_OBJC_WEAK = YES;
				CLANG_WARN_BLOCK_CAPTURE_AUTORELEASING = YES;
				CLANG_WARN_BOOL_CONVERSION = YES;
				CLANG_WARN_COMMA = YES;
				CLANG_WARN_CONSTANT_CONVERSION = YES;
				CLANG_WARN_DEPRECATED_OBJC_IMPLEMENTATIONS = YES;
				CLANG_WARN_DIRECT_OBJC_ISA_USAGE = YES_ERROR;
				CLANG_WARN_DOCUMENTATION_COMMENTS = YES;
				CLANG_WARN_EMPTY_BODY = YES;
				CLANG_WARN_ENUM_CONVERSION = YES;
				CLANG_WARN_INFINITE_RECURSION = YES;
				CLANG_WARN_INT_CONVERSION = YES;
				CLANG_WARN_NON_LITERAL_NULL_CONVERSION = YES;
				CLANG_WARN_OBJC_IMPLICIT_RETAIN_SELF = YES;
				CLANG_WARN_OBJC_LITERAL_CONVERSION = YES;
				CLANG_WARN_OBJC_ROOT_CLASS = YES_ERROR;
				CLANG_WARN_QUOTED_INCLUDE_IN_FRAMEWORK_HEADER = YES;
				CLANG_WARN_RANGE_LOOP_ANALYSIS = YES;
				CLANG_WARN_STRICT_PROTOTYPES = YES;
				CLANG_WARN_SUSPICIOUS_MOVE = YES;
				CLANG_WARN_UNGUARDED_AVAILABILITY = YES_AGGRESSIVE;
				CLANG_WARN_UNREACHABLE_CODE = YES;
				CLANG_WARN__DUPLICATE_METHOD_MATCH = YES;
				COPY_PHASE_STRIP = NO;
				DEBUG_INFORMATION_FORMAT = "dwarf-with-dsym";
				ENABLE_NS_ASSERTIONS = NO;
				ENABLE_STRICT_OBJC_MSGSEND = YES;
				GCC_C_LANGUAGE_STANDARD = gnu11;
				GCC_NO_COMMON_BLOCKS = YES;
				GCC_WARN_64_TO_32_BIT_CONVERSION = YES;
				GCC_WARN_ABOUT_RETURN_TYPE = YES_ERROR;
				GCC_WARN_UNDECLARED_SELECTOR = YES;
				GCC_WARN_UNINITIALIZED_AUTOS = YES_AGGRESSIVE;
				GCC_WARN_UNUSED_FUNCTION = YES;
				GCC_WARN_UNUSED_VARIABLE = YES;
				IPHONEOS_DEPLOYMENT_TARGET = 15.0;
				MTL_ENABLE_DEBUG_INFO = NO;
				MTL_FAST_MATH = YES;
				SDKROOT = iphoneos;
				SWIFT_COMPILATION_MODE = wholemodule;
				SWIFT_OPTIMIZATION_LEVEL = "-O";
				VALIDATE_PRODUCT = YES;
			};
			name = Release;
		};
		7CA65963277A0A62007EBFAA /* Debug */ = {
			isa = XCBuildConfiguration;
			buildSettings = {
				ASSETCATALOG_COMPILER_APPICON_NAME = AppIcon;
				ASSETCATALOG_COMPILER_GLOBAL_ACCENT_COLOR_NAME = AccentColor;
				CODE_SIGN_STYLE = Automatic;
				CURRENT_PROJECT_VERSION = 1;
				DEVELOPMENT_ASSET_PATHS = "\"iOSChatApp/Preview Content\"";
				DEVELOPMENT_TEAM = E8X42B23QJ;
				ENABLE_PREVIEWS = YES;
				GENERATE_INFOPLIST_FILE = YES;
				INFOPLIST_FILE = iOSChatApp/Info.plist;
				INFOPLIST_KEY_UIApplicationSceneManifest_Generation = YES;
				INFOPLIST_KEY_UIApplicationSupportsIndirectInputEvents = YES;
				INFOPLIST_KEY_UILaunchScreen_Generation = YES;
				INFOPLIST_KEY_UISupportedInterfaceOrientations_iPad = "UIInterfaceOrientationPortrait UIInterfaceOrientationPortraitUpsideDown UIInterfaceOrientationLandscapeLeft UIInterfaceOrientationLandscapeRight";
				INFOPLIST_KEY_UISupportedInterfaceOrientations_iPhone = "UIInterfaceOrientationPortrait UIInterfaceOrientationLandscapeLeft UIInterfaceOrientationLandscapeRight";
				LD_RUNPATH_SEARCH_PATHS = (
					"$(inherited)",
					"@executable_path/Frameworks",
				);
				MARKETING_VERSION = 1.0;
				PRODUCT_BUNDLE_IDENTIFIER = jiwon.iOSChatApp;
				PRODUCT_NAME = "$(TARGET_NAME)";
				SWIFT_EMIT_LOC_STRINGS = YES;
				SWIFT_VERSION = 5.0;
				TARGETED_DEVICE_FAMILY = "1,2";
			};
			name = Debug;
		};
		7CA65964277A0A62007EBFAA /* Release */ = {
			isa = XCBuildConfiguration;
			buildSettings = {
				ASSETCATALOG_COMPILER_APPICON_NAME = AppIcon;
				ASSETCATALOG_COMPILER_GLOBAL_ACCENT_COLOR_NAME = AccentColor;
				CODE_SIGN_STYLE = Automatic;
				CURRENT_PROJECT_VERSION = 1;
				DEVELOPMENT_ASSET_PATHS = "\"iOSChatApp/Preview Content\"";
				DEVELOPMENT_TEAM = E8X42B23QJ;
				ENABLE_PREVIEWS = YES;
				GENERATE_INFOPLIST_FILE = YES;
				INFOPLIST_FILE = iOSChatApp/Info.plist;
				INFOPLIST_KEY_UIApplicationSceneManifest_Generation = YES;
				INFOPLIST_KEY_UIApplicationSupportsIndirectInputEvents = YES;
				INFOPLIST_KEY_UILaunchScreen_Generation = YES;
				INFOPLIST_KEY_UISupportedInterfaceOrientations_iPad = "UIInterfaceOrientationPortrait UIInterfaceOrientationPortraitUpsideDown UIInterfaceOrientationLandscapeLeft UIInterfaceOrientationLandscapeRight";
				INFOPLIST_KEY_UISupportedInterfaceOrientations_iPhone = "UIInterfaceOrientationPortrait UIInterfaceOrientationLandscapeLeft UIInterfaceOrientationLandscapeRight";
				LD_RUNPATH_SEARCH_PATHS = (
					"$(inherited)",
					"@executable_path/Frameworks",
				);
				MARKETING_VERSION = 1.0;
				PRODUCT_BUNDLE_IDENTIFIER = jiwon.iOSChatApp;
				PRODUCT_NAME = "$(TARGET_NAME)";
				SWIFT_EMIT_LOC_STRINGS = YES;
				SWIFT_VERSION = 5.0;
				TARGETED_DEVICE_FAMILY = "1,2";
			};
			name = Release;
		};
		7CA65966277A0A62007EBFAA /* Debug */ = {
			isa = XCBuildConfiguration;
			buildSettings = {
				ALWAYS_EMBED_SWIFT_STANDARD_LIBRARIES = YES;
				BUNDLE_LOADER = "$(TEST_HOST)";
				CODE_SIGN_STYLE = Automatic;
				CURRENT_PROJECT_VERSION = 1;
				DEVELOPMENT_TEAM = E8X42B23QJ;
				GENERATE_INFOPLIST_FILE = YES;
				IPHONEOS_DEPLOYMENT_TARGET = 15.0;
				LD_RUNPATH_SEARCH_PATHS = (
					"$(inherited)",
					"@executable_path/Frameworks",
					"@loader_path/Frameworks",
				);
				MARKETING_VERSION = 1.0;
				PRODUCT_BUNDLE_IDENTIFIER = jiwon.iOSChatAppTests;
				PRODUCT_NAME = "$(TARGET_NAME)";
				SWIFT_EMIT_LOC_STRINGS = NO;
				SWIFT_VERSION = 5.0;
				TARGETED_DEVICE_FAMILY = "1,2";
				TEST_HOST = "$(BUILT_PRODUCTS_DIR)/iOSChatApp.app/iOSChatApp";
			};
			name = Debug;
		};
		7CA65967277A0A62007EBFAA /* Release */ = {
			isa = XCBuildConfiguration;
			buildSettings = {
				ALWAYS_EMBED_SWIFT_STANDARD_LIBRARIES = YES;
				BUNDLE_LOADER = "$(TEST_HOST)";
				CODE_SIGN_STYLE = Automatic;
				CURRENT_PROJECT_VERSION = 1;
				DEVELOPMENT_TEAM = E8X42B23QJ;
				GENERATE_INFOPLIST_FILE = YES;
				IPHONEOS_DEPLOYMENT_TARGET = 15.0;
				LD_RUNPATH_SEARCH_PATHS = (
					"$(inherited)",
					"@executable_path/Frameworks",
					"@loader_path/Frameworks",
				);
				MARKETING_VERSION = 1.0;
				PRODUCT_BUNDLE_IDENTIFIER = jiwon.iOSChatAppTests;
				PRODUCT_NAME = "$(TARGET_NAME)";
				SWIFT_EMIT_LOC_STRINGS = NO;
				SWIFT_VERSION = 5.0;
				TARGETED_DEVICE_FAMILY = "1,2";
				TEST_HOST = "$(BUILT_PRODUCTS_DIR)/iOSChatApp.app/iOSChatApp";
			};
			name = Release;
		};
		7CA65969277A0A62007EBFAA /* Debug */ = {
			isa = XCBuildConfiguration;
			buildSettings = {
				ALWAYS_EMBED_SWIFT_STANDARD_LIBRARIES = YES;
				CODE_SIGN_STYLE = Automatic;
				CURRENT_PROJECT_VERSION = 1;
				DEVELOPMENT_TEAM = E8X42B23QJ;
				GENERATE_INFOPLIST_FILE = YES;
				LD_RUNPATH_SEARCH_PATHS = (
					"$(inherited)",
					"@executable_path/Frameworks",
					"@loader_path/Frameworks",
				);
				MARKETING_VERSION = 1.0;
				PRODUCT_BUNDLE_IDENTIFIER = jiwon.iOSChatAppUITests;
				PRODUCT_NAME = "$(TARGET_NAME)";
				SWIFT_EMIT_LOC_STRINGS = NO;
				SWIFT_VERSION = 5.0;
				TARGETED_DEVICE_FAMILY = "1,2";
				TEST_TARGET_NAME = iOSChatApp;
			};
			name = Debug;
		};
		7CA6596A277A0A62007EBFAA /* Release */ = {
			isa = XCBuildConfiguration;
			buildSettings = {
				ALWAYS_EMBED_SWIFT_STANDARD_LIBRARIES = YES;
				CODE_SIGN_STYLE = Automatic;
				CURRENT_PROJECT_VERSION = 1;
				DEVELOPMENT_TEAM = E8X42B23QJ;
				GENERATE_INFOPLIST_FILE = YES;
				LD_RUNPATH_SEARCH_PATHS = (
					"$(inherited)",
					"@executable_path/Frameworks",
					"@loader_path/Frameworks",
				);
				MARKETING_VERSION = 1.0;
				PRODUCT_BUNDLE_IDENTIFIER = jiwon.iOSChatAppUITests;
				PRODUCT_NAME = "$(TARGET_NAME)";
				SWIFT_EMIT_LOC_STRINGS = NO;
				SWIFT_VERSION = 5.0;
				TARGETED_DEVICE_FAMILY = "1,2";
				TEST_TARGET_NAME = iOSChatApp;
			};
			name = Release;
		};
/* End XCBuildConfiguration section */

/* Begin XCConfigurationList section */
		7CA65939277A0A60007EBFAA /* Build configuration list for PBXProject "iOSChatApp" */ = {
			isa = XCConfigurationList;
			buildConfigurations = (
				7CA65960277A0A62007EBFAA /* Debug */,
				7CA65961277A0A62007EBFAA /* Release */,
			);
			defaultConfigurationIsVisible = 0;
			defaultConfigurationName = Release;
		};
		7CA65962277A0A62007EBFAA /* Build configuration list for PBXNativeTarget "iOSChatApp" */ = {
			isa = XCConfigurationList;
			buildConfigurations = (
				7CA65963277A0A62007EBFAA /* Debug */,
				7CA65964277A0A62007EBFAA /* Release */,
			);
			defaultConfigurationIsVisible = 0;
			defaultConfigurationName = Release;
		};
		7CA65965277A0A62007EBFAA /* Build configuration list for PBXNativeTarget "iOSChatAppTests" */ = {
			isa = XCConfigurationList;
			buildConfigurations = (
				7CA65966277A0A62007EBFAA /* Debug */,
				7CA65967277A0A62007EBFAA /* Release */,
			);
			defaultConfigurationIsVisible = 0;
			defaultConfigurationName = Release;
		};
		7CA65968277A0A62007EBFAA /* Build configuration list for PBXNativeTarget "iOSChatAppUITests" */ = {
			isa = XCConfigurationList;
			buildConfigurations = (
				7CA65969277A0A62007EBFAA /* Debug */,
				7CA6596A277A0A62007EBFAA /* Release */,
			);
			defaultConfigurationIsVisible = 0;
			defaultConfigurationName = Release;
		};
/* End XCConfigurationList section */
	};
	rootObject = 7CA65936277A0A60007EBFAA /* Project object */;
}
